{
  "nodes": {
    "blueprint": {
      "inputs": {
        "nixpkgs": [
          "nixpkgs"
        ],
        "systems": "systems"
      },
      "locked": {
        "lastModified": 1761645416,
        "narHash": "sha256-wTQzbbQ6XHtvNJVuhJj+ytZDRyNtwUKbrIfIvMvKNfQ=",
        "owner": "numtide",
        "repo": "blueprint",
        "rev": "633af1961cae8e02bc6195e6e599a6b09bf75217",
        "type": "github"
      },
      "original": {
        "owner": "numtide",
        "repo": "blueprint",
        "type": "github"
      }
    },
    "nixpkgs": {
      "locked": {
        "lastModified": 1778869304,
        "narHash": "sha256-30sZNZoA1cqF5JNO9fVX+wgiQYjB7HJqqJ4ztCDeBZE=",
        "owner": "NixOS",
        "repo": "nixpkgs",
        "rev": "d233902339c02a9c334e7e593de68855ad26c4cb",
        "type": "github"
      },
      "original": {
        "owner": "NixOS",
        "ref": "nixos-unstable",
        "repo": "nixpkgs",
        "type": "github"
      }
    },
    "nixpkgs-netbird-broken": {
      "locked": {
        "lastModified": 1778794387,
        "narHash": "sha256-BL04pOS9453Awkeb9f90XBJXBSkWxN+vB7HIgnL0iMM=",
        "owner": "NixOS",
        "repo": "nixpkgs",
        "rev": "8a1b0127302ea51e05bf4ea5a291743fac442406",
        "type": "github"
      },
      "original": {
        "owner": "NixOS",
        "ref": "8a1b0127302ea51e05bf4ea5a291743fac442406",
        "repo": "nixpkgs",
        "type": "github"
      }
    },
    "nixpkgs-netbird-working": {
      "locked": {
        "lastModified": 1761059551,
        "narHash": "sha256-ro3FQvF/zv37BS+s3K0DhA+9Dtnbb65pHTJ4G8t+Sns=",
        "owner": "NixOS",
        "repo": "nixpkgs",
        "rev": "26afda1803886eab9161182bf169e6e43f3f6aed",
        "type": "github"
      },
      "original": {
        "owner": "NixOS",
        "ref": "26afda1803886eab9161182bf169e6e43f3f6aed",
        "repo": "nixpkgs",
        "type": "github"
      }
    },
    "root": {
      "inputs": {
        "blueprint": "blueprint",
        "nixpkgs": "nixpkgs",
        "nixpkgs-netbird-broken": "nixpkgs-netbird-broken",
        "nixpkgs-netbird-working": "nixpkgs-netbird-working"
      }
    },
    "systems": {
      "locked": {
        "lastModified": 1681028828,
        "narHash": "sha256-Vy1rq5AaRuLzOxct8nz4T6wlgyUR7zLU309k9mBC768=",
        "owner": "nix-systems",
        "repo": "default",
        "rev": "da67096a3b9bf56a91d16901293e51ba5b49a27e",
        "type": "github"
      },
      "original": {
        "owner": "nix-systems",
        "repo": "default",
        "type": "github"
      }
    }
  },
  "root": "root",
  "version": 7
}
