{
  "nodes": {
    "blueprint": {
      "inputs": {
        "nixpkgs": [
          "nixpkgs"
        ],
        "systems": "systems"
      },
      "locked": {
        "lastModified": 1761645416,
        "narHash": "sha256-wTQzbbQ6XHtvNJVuhJj+ytZDRyNtwUKbrIfIvMvKNfQ=",
        "owner": "numtide",
        "repo": "blueprint",
        "rev": "633af1961cae8e02bc6195e6e599a6b09bf75217",
        "type": "github"
      },
      "original": {
        "owner": "numtide",
        "repo": "blueprint",
        "type": "github"
      }
    },
    "nixpkgs": {
      "locked": {
        "lastModified": 1762844143,
        "narHash": "sha256-SlybxLZ1/e4T2lb1czEtWVzDCVSTvk9WLwGhmxFmBxI=",
        "owner": "NixOS",
        "repo": "nixpkgs",
        "rev": "9da7f1cf7f8a6e2a7cb3001b048546c92a8258b4",
        "type": "github"
      },
      "original": {
        "owner": "NixOS",
        "ref": "nixos-unstable",
        "repo": "nixpkgs",
        "type": "github"
      }
    },
    "nixpkgs-netbird-0-59-5": {
      "locked": {
        "lastModified": 1761059551,
        "narHash": "sha256-ro3FQvF/zv37BS+s3K0DhA+9Dtnbb65pHTJ4G8t+Sns=",
        "owner": "NixOS",
        "repo": "nixpkgs",
        "rev": "26afda1803886eab9161182bf169e6e43f3f6aed",
        "type": "github"
      },
      "original": {
        "owner": "NixOS",
        "ref": "26afda1803886eab9161182bf169e6e43f3f6aed",
        "repo": "nixpkgs",
        "type": "github"
      }
    },
    "nixpkgs-netbird-0-59-7": {
      "locked": {
        "lastModified": 1761059565,
        "narHash": "sha256-PgTIZc7Y/hhrjCV9gj6wdcXvPFGEqg0rAeo0BAC54y0=",
        "owner": "NixOS",
        "repo": "nixpkgs",
        "rev": "0cbfca7acd0bac87c34bb184130e4542c27da52c",
        "type": "github"
      },
      "original": {
        "owner": "NixOS",
        "ref": "0cbfca7acd0bac87c34bb184130e4542c27da52c",
        "repo": "nixpkgs",
        "type": "github"
      }
    },
    "root": {
      "inputs": {
        "blueprint": "blueprint",
        "nixpkgs": "nixpkgs",
        "nixpkgs-netbird-0-59-5": "nixpkgs-netbird-0-59-5",
        "nixpkgs-netbird-0-59-7": "nixpkgs-netbird-0-59-7"
      }
    },
    "systems": {
      "locked": {
        "lastModified": 1681028828,
        "narHash": "sha256-Vy1rq5AaRuLzOxct8nz4T6wlgyUR7zLU309k9mBC768=",
        "owner": "nix-systems",
        "repo": "default",
        "rev": "da67096a3b9bf56a91d16901293e51ba5b49a27e",
        "type": "github"
      },
      "original": {
        "owner": "nix-systems",
        "repo": "default",
        "type": "github"
      }
    }
  },
  "root": "root",
  "version": 7
}
